
Microsoft Visual Studio Solution File, Format Version 12.00
# Visual Studio Version 17
VisualStudioVersion = 17.9.34622.214
MinimumVisualStudioVersion = 10.0.40219.1
Project("{FAE04EC0-301F-11D3-BF4B-00C04F79EFBC}") = "WinFormsApp_WebEventPoster", "WinFormsApp_WebEventPoster\WinFormsApp_WebEventPoster.csproj", "{ADEBF04D-8AFA-43A1-86C6-03789E959FDD}"
EndProject
Global
	GlobalSection(SolutionConfigurationPlatforms) = preSolution
		Debug|Any CPU = Debug|Any CPU
		Release|Any CPU = Release|Any CPU
	EndGlobalSection
	GlobalSection(ProjectConfigurationPlatforms) = postSolution
		{ADEBF04D-8AFA-43A1-86C6-03789E959FDD}.Debug|Any CPU.ActiveCfg = Debug|Any CPU
		{ADEBF04D-8AFA-43A1-86C6-03789E959FDD}.Debug|Any CPU.Build.0 = Debug|Any CPU
		{ADEBF04D-8AFA-43A1-86C6-03789E959FDD}.Release|Any CPU.ActiveCfg = Release|Any CPU
		{ADEBF04D-8AFA-43A1-86C6-03789E959FDD}.Release|Any CPU.Build.0 = Release|Any CPU
	EndGlobalSection
	GlobalSection(SolutionProperties) = preSolution
		HideSolutionNode = FALSE
	EndGlobalSection
	GlobalSection(ExtensibilityGlobals) = postSolution
		SolutionGuid = {5842141F-C15B-477D-8927-60B75B40768B}
	EndGlobalSection
EndGlobal
